
Microsoft Visual Studio Solution File, Format Version 12.00
# Visual Studio Version 17
VisualStudioVersion = 17.5.2.0
MinimumVisualStudioVersion = 10.0.40219.1
Project("{2150E333-8FDC-42A3-9474-1A3956D46DE8}") = "code", "code", "{314C6247-30EA-3492-19B6-DF847E3B326F}"
EndProject
Project("{2150E333-8FDC-42A3-9474-1A3956D46DE8}") = "speech-tool", "speech-tool", "{4D0E0BC0-75E6-8FAA-F996-A466437ABC1B}"
EndProject
Project("{FAE04EC0-301F-11D3-BF4B-00C04F79EFBC}") = "SpeechTool", "code\speech-tool\SpeechTool.csproj", "{7A20061A-631C-657F-E0FE-15B8E6E5E474}"
EndProject
Project("{2150E333-8FDC-42A3-9474-1A3956D46DE8}") = "caller-agent", "caller-agent", "{8E556EA1-A053-5CD6-F609-6CCE1730B453}"
EndProject
Project("{2150E333-8FDC-42A3-9474-1A3956D46DE8}") = "agent", "agent", "{957A6F7E-9D0B-D300-7B9C-8FA4720C40F6}"
EndProject
Project("{FAE04EC0-301F-11D3-BF4B-00C04F79EFBC}") = "CallerAgent", "code\caller-agent\agent\CallerAgent.csproj", "{EEC759F3-B92B-BDF6-4D0A-BF4729E9C121}"
EndProject
Project("{2150E333-8FDC-42A3-9474-1A3956D46DE8}") = "shared", "shared", "{16CF7285-5941-AB18-D9FB-7E960BBB28D1}"
EndProject
Project("{FAE04EC0-301F-11D3-BF4B-00C04F79EFBC}") = "ContactCenterAgent.Shared", "code\shared\ContactCenterAgent.Shared\ContactCenterAgent.Shared.csproj", "{E4569F78-9C65-433A-A27D-9CF5E62B1337}"
EndProject
Project("{2150E333-8FDC-42A3-9474-1A3956D46DE8}") = "danish-voice-lab", "danish-voice-lab", "{A36DDA35-8667-D064-D252-AFE941C74DD1}"
EndProject
Project("{FAE04EC0-301F-11D3-BF4B-00C04F79EFBC}") = "DanishVoiceLab", "danish-voice-lab\DanishVoiceLab.csproj", "{E1DCCB0B-10D2-420E-A0A3-3C129DA42952}"
EndProject
Global
	GlobalSection(SolutionConfigurationPlatforms) = preSolution
		Debug|Any CPU = Debug|Any CPU
		Debug|x64 = Debug|x64
		Debug|x86 = Debug|x86
		Release|Any CPU = Release|Any CPU
		Release|x64 = Release|x64
		Release|x86 = Release|x86
	EndGlobalSection
	GlobalSection(ProjectConfigurationPlatforms) = postSolution
		{7A20061A-631C-657F-E0FE-15B8E6E5E474}.Debug|Any CPU.ActiveCfg = Debug|Any CPU
		{7A20061A-631C-657F-E0FE-15B8E6E5E474}.Debug|Any CPU.Build.0 = Debug|Any CPU
		{7A20061A-631C-657F-E0FE-15B8E6E5E474}.Debug|x64.ActiveCfg = Debug|Any CPU
		{7A20061A-631C-657F-E0FE-15B8E6E5E474}.Debug|x64.Build.0 = Debug|Any CPU
		{7A20061A-631C-657F-E0FE-15B8E6E5E474}.Debug|x86.ActiveCfg = Debug|Any CPU
		{7A20061A-631C-657F-E0FE-15B8E6E5E474}.Debug|x86.Build.0 = Debug|Any CPU
		{7A20061A-631C-657F-E0FE-15B8E6E5E474}.Release|Any CPU.ActiveCfg = Release|Any CPU
		{7A20061A-631C-657F-E0FE-15B8E6E5E474}.Release|Any CPU.Build.0 = Release|Any CPU
		{7A20061A-631C-657F-E0FE-15B8E6E5E474}.Release|x64.ActiveCfg = Release|Any CPU
		{7A20061A-631C-657F-E0FE-15B8E6E5E474}.Release|x64.Build.0 = Release|Any CPU
		{7A20061A-631C-657F-E0FE-15B8E6E5E474}.Release|x86.ActiveCfg = Release|Any CPU
		{7A20061A-631C-657F-E0FE-15B8E6E5E474}.Release|x86.Build.0 = Release|Any CPU
		{EEC759F3-B92B-BDF6-4D0A-BF4729E9C121}.Debug|Any CPU.ActiveCfg = Debug|Any CPU
		{EEC759F3-B92B-BDF6-4D0A-BF4729E9C121}.Debug|Any CPU.Build.0 = Debug|Any CPU
		{EEC759F3-B92B-BDF6-4D0A-BF4729E9C121}.Debug|x64.ActiveCfg = Debug|Any CPU
		{EEC759F3-B92B-BDF6-4D0A-BF4729E9C121}.Debug|x64.Build.0 = Debug|Any CPU
		{EEC759F3-B92B-BDF6-4D0A-BF4729E9C121}.Debug|x86.ActiveCfg = Debug|Any CPU
		{EEC759F3-B92B-BDF6-4D0A-BF4729E9C121}.Debug|x86.Build.0 = Debug|Any CPU
		{EEC759F3-B92B-BDF6-4D0A-BF4729E9C121}.Release|Any CPU.ActiveCfg = Release|Any CPU
		{EEC759F3-B92B-BDF6-4D0A-BF4729E9C121}.Release|Any CPU.Build.0 = Release|Any CPU
		{EEC759F3-B92B-BDF6-4D0A-BF4729E9C121}.Release|x64.ActiveCfg = Release|Any CPU
		{EEC759F3-B92B-BDF6-4D0A-BF4729E9C121}.Release|x64.Build.0 = Release|Any CPU
		{EEC759F3-B92B-BDF6-4D0A-BF4729E9C121}.Release|x86.ActiveCfg = Release|Any CPU
		{EEC759F3-B92B-BDF6-4D0A-BF4729E9C121}.Release|x86.Build.0 = Release|Any CPU
		{E4569F78-9C65-433A-A27D-9CF5E62B1337}.Debug|Any CPU.ActiveCfg = Debug|Any CPU
		{E4569F78-9C65-433A-A27D-9CF5E62B1337}.Debug|Any CPU.Build.0 = Debug|Any CPU
		{E4569F78-9C65-433A-A27D-9CF5E62B1337}.Debug|x64.ActiveCfg = Debug|Any CPU
		{E4569F78-9C65-433A-A27D-9CF5E62B1337}.Debug|x64.Build.0 = Debug|Any CPU
		{E4569F78-9C65-433A-A27D-9CF5E62B1337}.Debug|x86.ActiveCfg = Debug|Any CPU
		{E4569F78-9C65-433A-A27D-9CF5E62B1337}.Debug|x86.Build.0 = Debug|Any CPU
		{E4569F78-9C65-433A-A27D-9CF5E62B1337}.Release|Any CPU.ActiveCfg = Release|Any CPU
		{E4569F78-9C65-433A-A27D-9CF5E62B1337}.Release|Any CPU.Build.0 = Release|Any CPU
		{E4569F78-9C65-433A-A27D-9CF5E62B1337}.Release|x64.ActiveCfg = Release|Any CPU
		{E4569F78-9C65-433A-A27D-9CF5E62B1337}.Release|x64.Build.0 = Release|Any CPU
		{E4569F78-9C65-433A-A27D-9CF5E62B1337}.Release|x86.ActiveCfg = Release|Any CPU
		{E4569F78-9C65-433A-A27D-9CF5E62B1337}.Release|x86.Build.0 = Release|Any CPU
		{E1DCCB0B-10D2-420E-A0A3-3C129DA42952}.Debug|Any CPU.ActiveCfg = Debug|Any CPU
		{E1DCCB0B-10D2-420E-A0A3-3C129DA42952}.Debug|Any CPU.Build.0 = Debug|Any CPU
		{E1DCCB0B-10D2-420E-A0A3-3C129DA42952}.Debug|x64.ActiveCfg = Debug|Any CPU
		{E1DCCB0B-10D2-420E-A0A3-3C129DA42952}.Debug|x64.Build.0 = Debug|Any CPU
		{E1DCCB0B-10D2-420E-A0A3-3C129DA42952}.Debug|x86.ActiveCfg = Debug|Any CPU
		{E1DCCB0B-10D2-420E-A0A3-3C129DA42952}.Debug|x86.Build.0 = Debug|Any CPU
		{E1DCCB0B-10D2-420E-A0A3-3C129DA42952}.Release|Any CPU.ActiveCfg = Release|Any CPU
		{E1DCCB0B-10D2-420E-A0A3-3C129DA42952}.Release|Any CPU.Build.0 = Release|Any CPU
		{E1DCCB0B-10D2-420E-A0A3-3C129DA42952}.Release|x64.ActiveCfg = Release|Any CPU
		{E1DCCB0B-10D2-420E-A0A3-3C129DA42952}.Release|x64.Build.0 = Release|Any CPU
		{E1DCCB0B-10D2-420E-A0A3-3C129DA42952}.Release|x86.ActiveCfg = Release|Any CPU
		{E1DCCB0B-10D2-420E-A0A3-3C129DA42952}.Release|x86.Build.0 = Release|Any CPU
	EndGlobalSection
	GlobalSection(SolutionProperties) = preSolution
		HideSolutionNode = FALSE
	EndGlobalSection
	GlobalSection(NestedProjects) = preSolution
		{4D0E0BC0-75E6-8FAA-F996-A466437ABC1B} = {314C6247-30EA-3492-19B6-DF847E3B326F}
		{7A20061A-631C-657F-E0FE-15B8E6E5E474} = {4D0E0BC0-75E6-8FAA-F996-A466437ABC1B}
		{8E556EA1-A053-5CD6-F609-6CCE1730B453} = {314C6247-30EA-3492-19B6-DF847E3B326F}
		{957A6F7E-9D0B-D300-7B9C-8FA4720C40F6} = {8E556EA1-A053-5CD6-F609-6CCE1730B453}
		{EEC759F3-B92B-BDF6-4D0A-BF4729E9C121} = {957A6F7E-9D0B-D300-7B9C-8FA4720C40F6}
		{16CF7285-5941-AB18-D9FB-7E960BBB28D1} = {314C6247-30EA-3492-19B6-DF847E3B326F}
		{E4569F78-9C65-433A-A27D-9CF5E62B1337} = {16CF7285-5941-AB18-D9FB-7E960BBB28D1}
		{E1DCCB0B-10D2-420E-A0A3-3C129DA42952} = {A36DDA35-8667-D064-D252-AFE941C74DD1}
	EndGlobalSection
	GlobalSection(ExtensibilityGlobals) = postSolution
		SolutionGuid = {54271029-729B-4A73-B98F-E22AB736118D}
	EndGlobalSection
EndGlobal
